
Microsoft Visual Studio Solution File, Format Version 12.00
# Visual Studio 2013
VisualStudioVersion = 12.0.31101.0
MinimumVisualStudioVersion = 10.0.40219.1
Project("{FAE04EC0-301F-11D3-BF4B-00C04F79EFBC}") = "SqlAuditor", "SqlAuditor\SqlAuditor.csproj", "{D5AC6FB8-D5EA-4C2B-8DA6-1DE484815C83}"
EndProject
Project("{FAE04EC0-301F-11D3-BF4B-00C04F79EFBC}") = "SqlAuditor.ConsoleServer", "SqlAuditor.ConsoleServer\SqlAuditor.ConsoleServer.csproj", "{FAC8F33A-6A53-4AC3-A8EE-FD73EF0AF3AD}"
EndProject
Project("{FAE04EC0-301F-11D3-BF4B-00C04F79EFBC}") = "SqlAuditor.Service", "SqlAuditor.Service\SqlAuditor.Service.csproj", "{33E4BE21-0CD9-42B9-A659-CAB410118808}"
EndProject
Project("{2150E333-8FDC-42A3-9474-1A3956D46DE8}") = "Solution Items", "Solution Items", "{E0F47607-A70E-4315-A6FA-5BB512413DA7}"
	ProjectSection(SolutionItems) = preProject
		README.md = README.md
	EndProjectSection
EndProject
Project("{FAE04EC0-301F-11D3-BF4B-00C04F79EFBC}") = "SqlAuditor.Win", "SqlAuditor.Win\SqlAuditor.Win.csproj", "{DAF02BFC-D612-42CB-A49E-D41DAD3C1038}"
EndProject
Global
	GlobalSection(SolutionConfigurationPlatforms) = preSolution
		Debug|Any CPU = Debug|Any CPU
		Release|Any CPU = Release|Any CPU
	EndGlobalSection
	GlobalSection(ProjectConfigurationPlatforms) = postSolution
		{D5AC6FB8-D5EA-4C2B-8DA6-1DE484815C83}.Debug|Any CPU.ActiveCfg = Debug|Any CPU
		{D5AC6FB8-D5EA-4C2B-8DA6-1DE484815C83}.Debug|Any CPU.Build.0 = Debug|Any CPU
		{D5AC6FB8-D5EA-4C2B-8DA6-1DE484815C83}.Release|Any CPU.ActiveCfg = Release|Any CPU
		{D5AC6FB8-D5EA-4C2B-8DA6-1DE484815C83}.Release|Any CPU.Build.0 = Release|Any CPU
		{FAC8F33A-6A53-4AC3-A8EE-FD73EF0AF3AD}.Debug|Any CPU.ActiveCfg = Debug|Any CPU
		{FAC8F33A-6A53-4AC3-A8EE-FD73EF0AF3AD}.Debug|Any CPU.Build.0 = Debug|Any CPU
		{FAC8F33A-6A53-4AC3-A8EE-FD73EF0AF3AD}.Release|Any CPU.ActiveCfg = Release|Any CPU
		{FAC8F33A-6A53-4AC3-A8EE-FD73EF0AF3AD}.Release|Any CPU.Build.0 = Release|Any CPU
		{33E4BE21-0CD9-42B9-A659-CAB410118808}.Debug|Any CPU.ActiveCfg = Debug|Any CPU
		{33E4BE21-0CD9-42B9-A659-CAB410118808}.Debug|Any CPU.Build.0 = Debug|Any CPU
		{33E4BE21-0CD9-42B9-A659-CAB410118808}.Release|Any CPU.ActiveCfg = Release|Any CPU
		{33E4BE21-0CD9-42B9-A659-CAB410118808}.Release|Any CPU.Build.0 = Release|Any CPU
		{DAF02BFC-D612-42CB-A49E-D41DAD3C1038}.Debug|Any CPU.ActiveCfg = Debug|Any CPU
		{DAF02BFC-D612-42CB-A49E-D41DAD3C1038}.Debug|Any CPU.Build.0 = Debug|Any CPU
		{DAF02BFC-D612-42CB-A49E-D41DAD3C1038}.Release|Any CPU.ActiveCfg = Release|Any CPU
		{DAF02BFC-D612-42CB-A49E-D41DAD3C1038}.Release|Any CPU.Build.0 = Release|Any CPU
	EndGlobalSection
	GlobalSection(SolutionProperties) = preSolution
		HideSolutionNode = FALSE
	EndGlobalSection
EndGlobal
